
Microsoft Visual Studio Solution File, Format Version 12.00
# Visual Studio Version 17
VisualStudioVersion = 17.10.35013.160
MinimumVisualStudioVersion = 10.0.40219.1
Project("{FAE04EC0-301F-11D3-BF4B-00C04F79EFBC}") = "Exam2", "Exam2\Exam2.csproj", "{C8AD3F71-0C38-4389-81BA-026D8F73C5BC}"
EndProject
Global
	GlobalSection(SolutionConfigurationPlatforms) = preSolution
		Debug|Any CPU = Debug|Any CPU
		Release|Any CPU = Release|Any CPU
	EndGlobalSection
	GlobalSection(ProjectConfigurationPlatforms) = postSolution
		{C8AD3F71-0C38-4389-81BA-026D8F73C5BC}.Debug|Any CPU.ActiveCfg = Debug|Any CPU
		{C8AD3F71-0C38-4389-81BA-026D8F73C5BC}.Debug|Any CPU.Build.0 = Debug|Any CPU
		{C8AD3F71-0C38-4389-81BA-026D8F73C5BC}.Release|Any CPU.ActiveCfg = Release|Any CPU
		{C8AD3F71-0C38-4389-81BA-026D8F73C5BC}.Release|Any CPU.Build.0 = Release|Any CPU
	EndGlobalSection
	GlobalSection(SolutionProperties) = preSolution
		HideSolutionNode = FALSE
	EndGlobalSection
	GlobalSection(ExtensibilityGlobals) = postSolution
		SolutionGuid = {C804D9C1-BCC2-4623-826F-055871750467}
	EndGlobalSection
EndGlobal
